{
  "name": "nextjs-otel",
  "version": "0.1.0",
  "lockfileVersion": 3,
  "requires": true,
  "packages": {
    "": {
      "name": "nextjs-otel",
      "version": "0.1.0",
      "dependencies": {
        "@opentelemetry/api-logs": "^0.54.0",
        "@opentelemetry/instrumentation": "^0.54.0",
        "@opentelemetry/sdk-logs": "^0.54.0",
        "@vercel/otel": "^1.10.0",
        "next": "15.4.9",
        "react": "19.0.0-rc-02c0e824-20241028",
        "react-dom": "19.0.0-rc-02c0e824-20241028"
      },
      "devDependencies": {
        "@types/node": "^20",
        "@types/react": "^18",
        "@types/react-dom": "^18",
        "typescript": "^5"
      }
    },
    "node_modules/@emnapi/runtime": {
      "version": "1.5.0",
      "resolved": "https://registry.npmjs.org/@emnapi/runtime/-/runtime-1.5.0.tgz",
      "integrity": "sha512-97/BJ3iXHww3djw6hYIfErCZFee7qCtrneuLa20UXFCOTCfBM2cvQHjWJ2EG0s0MtdNwInarqCTz35i4wWXHsQ==",
      "license": "MIT",
      "optional": true,
      "dependencies": {
        "tslib": "^2.4.0"
      }
    },
    "node_modules/@img/sharp-darwin-arm64": {
      "version": "0.34.3",
      "resolved": "https://registry.npmjs.org/@img/sharp-darwin-arm64/-/sharp-darwin-arm64-0.34.3.tgz",
      "integrity": "sha512-ryFMfvxxpQRsgZJqBd4wsttYQbCxsJksrv9Lw/v798JcQ8+w84mBWuXwl+TT0WJ/WrYOLaYpwQXi3sA9nTIaIg==",
      "cpu": [
        "arm64"
      ],
      "license": "Apache-2.0",
      "optional": true,
      "os": [
        "darwin"
      ],
      "engines": {
        "node": "^18.17.0 || ^20.3.0 || >=21.0.0"
      },
      "funding": {
        "url": "https://opencollective.com/libvips"
      },
      "optionalDependencies": {
        "@img/sharp-libvips-darwin-arm64": "1.2.0"
      }
    },
    "node_modules/@img/sharp-darwin-x64": {
      "version": "0.34.3",
      "resolved": "https://registry.npmjs.org/@img/sharp-darwin-x64/-/sharp-darwin-x64-0.34.3.tgz",
      "integrity": "sha512-yHpJYynROAj12TA6qil58hmPmAwxKKC7reUqtGLzsOHfP7/rniNGTL8tjWX6L3CTV4+5P4ypcS7Pp+7OB+8ihA==",
      "cpu": [
        "x64"
      ],
      "license": "Apache-2.0",
      "optional": true,
      "os": [
        "darwin"
      ],
      "engines": {
        "node": "^18.17.0 || ^20.3.0 || >=21.0.0"
      },
      "funding": {
        "url": "https://opencollective.com/libvips"
      },
      "optionalDependencies": {
        "@img/sharp-libvips-darwin-x64": "1.2.0"
      }
    },
    "node_modules/@img/sharp-libvips-darwin-arm64": {
      "version": "1.2.0",
      "resolved": "https://registry.npmjs.org/@img/sharp-libvips-darwin-arm64/-/sharp-libvips-darwin-arm64-1.2.0.tgz",
      "integrity": "sha512-sBZmpwmxqwlqG9ueWFXtockhsxefaV6O84BMOrhtg/YqbTaRdqDE7hxraVE3y6gVM4eExmfzW4a8el9ArLeEiQ==",
      "cpu": [
        "arm64"
      ],
      "license": "LGPL-3.0-or-later",
      "optional": true,
      "os": [
        "darwin"
      ],
      "funding": {
        "url": "https://opencollective.com/libvips"
      }
    },
    "node_modules/@img/sharp-libvips-darwin-x64": {
      "version": "1.2.0",
      "resolved": "https://registry.npmjs.org/@img/sharp-libvips-darwin-x64/-/sharp-libvips-darwin-x64-1.2.0.tgz",
      "integrity": "sha512-M64XVuL94OgiNHa5/m2YvEQI5q2cl9d/wk0qFTDVXcYzi43lxuiFTftMR1tOnFQovVXNZJ5TURSDK2pNe9Yzqg==",
      "cpu": [
        "x64"
      ],
      "license": "LGPL-3.0-or-later",
      "optional": true,
      "os": [
        "darwin"
      ],
      "funding": {
        "url": "https://opencollective.com/libvips"
      }
    },
    "node_modules/@img/sharp-libvips-linux-arm": {
      "version": "1.2.0",
      "resolved": "https://registry.npmjs.org/@img/sharp-libvips-linux-arm/-/sharp-libvips-linux-arm-1.2.0.tgz",
      "integrity": "sha512-mWd2uWvDtL/nvIzThLq3fr2nnGfyr/XMXlq8ZJ9WMR6PXijHlC3ksp0IpuhK6bougvQrchUAfzRLnbsen0Cqvw==",
      "cpu": [
        "arm"
      ],
      "license": "LGPL-3.0-or-later",
      "optional": true,
      "os": [
        "linux"
      ],
      "funding": {
        "url": "https://opencollective.com/libvips"
      }
    },
    "node_modules/@img/sharp-libvips-linux-arm64": {
      "version": "1.2.0",
      "resolved": "https://registry.npmjs.org/@img/sharp-libvips-linux-arm64/-/sharp-libvips-linux-arm64-1.2.0.tgz",
      "integrity": "sha512-RXwd0CgG+uPRX5YYrkzKyalt2OJYRiJQ8ED/fi1tq9WQW2jsQIn0tqrlR5l5dr/rjqq6AHAxURhj2DVjyQWSOA==",
      "cpu": [
        "arm64"
      ],
      "license": "LGPL-3.0-or-later",
      "optional": true,
      "os": [
        "linux"
      ],
      "funding": {
        "url": "https://opencollective.com/libvips"
      }
    },
    "node_modules/@img/sharp-libvips-linux-ppc64": {
      "version": "1.2.0",
      "resolved": "https://registry.npmjs.org/@img/sharp-libvips-linux-ppc64/-/sharp-libvips-linux-ppc64-1.2.0.tgz",
      "integrity": "sha512-Xod/7KaDDHkYu2phxxfeEPXfVXFKx70EAFZ0qyUdOjCcxbjqyJOEUpDe6RIyaunGxT34Anf9ue/wuWOqBW2WcQ==",
      "cpu": [
        "ppc64"
      ],
      "license": "LGPL-3.0-or-later",
      "optional": true,
      "os": [
        "linux"
      ],
      "funding": {
        "url": "https://opencollective.com/libvips"
      }
    },
    "node_modules/@img/sharp-libvips-linux-s390x": {
      "version": "1.2.0",
      "resolved": "https://registry.npmjs.org/@img/sharp-libvips-linux-s390x/-/sharp-libvips-linux-s390x-1.2.0.tgz",
      "integrity": "sha512-eMKfzDxLGT8mnmPJTNMcjfO33fLiTDsrMlUVcp6b96ETbnJmd4uvZxVJSKPQfS+odwfVaGifhsB07J1LynFehw==",
      "cpu": [
        "s390x"
      ],
      "license": "LGPL-3.0-or-later",
      "optional": true,
      "os": [
        "linux"
      ],
      "funding": {
        "url": "https://opencollective.com/libvips"
      }
    },
    "node_modules/@img/sharp-libvips-linux-x64": {
      "version": "1.2.0",
      "resolved": "https://registry.npmjs.org/@img/sharp-libvips-linux-x64/-/sharp-libvips-linux-x64-1.2.0.tgz",
      "integrity": "sha512-ZW3FPWIc7K1sH9E3nxIGB3y3dZkpJlMnkk7z5tu1nSkBoCgw2nSRTFHI5pB/3CQaJM0pdzMF3paf9ckKMSE9Tg==",
      "cpu": [
        "x64"
      ],
      "license": "LGPL-3.0-or-later",
      "optional": true,
      "os": [
        "linux"
      ],
      "funding": {
        "url": "https://opencollective.com/libvips"
      }
    },
    "node_modules/@img/sharp-libvips-linuxmusl-arm64": {
      "version": "1.2.0",
      "resolved": "https://registry.npmjs.org/@img/sharp-libvips-linuxmusl-arm64/-/sharp-libvips-linuxmusl-arm64-1.2.0.tgz",
      "integrity": "sha512-UG+LqQJbf5VJ8NWJ5Z3tdIe/HXjuIdo4JeVNADXBFuG7z9zjoegpzzGIyV5zQKi4zaJjnAd2+g2nna8TZvuW9Q==",
      "cpu": [
        "arm64"
      ],
      "license": "LGPL-3.0-or-later",
      "optional": true,
      "os": [
        "linux"
      ],
      "funding": {
        "url": "https://opencollective.com/libvips"
      }
    },
    "node_modules/@img/sharp-libvips-linuxmusl-x64": {
      "version": "1.2.0",
      "resolved": "https://registry.npmjs.org/@img/sharp-libvips-linuxmusl-x64/-/sharp-libvips-linuxmusl-x64-1.2.0.tgz",
      "integrity": "sha512-SRYOLR7CXPgNze8akZwjoGBoN1ThNZoqpOgfnOxmWsklTGVfJiGJoC/Lod7aNMGA1jSsKWM1+HRX43OP6p9+6Q==",
      "cpu": [
        "x64"
      ],
      "license": "LGPL-3.0-or-later",
      "optional": true,
      "os": [
        "linux"
      ],
      "funding": {
        "url": "https://opencollective.com/libvips"
      }
    },
    "node_modules/@img/sharp-linux-arm": {
      "version": "0.34.3",
      "resolved": "https://registry.npmjs.org/@img/sharp-linux-arm/-/sharp-linux-arm-0.34.3.tgz",
      "integrity": "sha512-oBK9l+h6KBN0i3dC8rYntLiVfW8D8wH+NPNT3O/WBHeW0OQWCjfWksLUaPidsrDKpJgXp3G3/hkmhptAW0I3+A==",
      "cpu": [
        "arm"
      ],
      "license": "Apache-2.0",
      "optional": true,
      "os": [
        "linux"
      ],
      "engines": {
        "node": "^18.17.0 || ^20.3.0 || >=21.0.0"
      },
      "funding": {
        "url": "https://opencollective.com/libvips"
      },
      "optionalDependencies": {
        "@img/sharp-libvips-linux-arm": "1.2.0"
      }
    },
    "node_modules/@img/sharp-linux-arm64": {
      "version": "0.34.3",
      "resolved": "https://registry.npmjs.org/@img/sharp-linux-arm64/-/sharp-linux-arm64-0.34.3.tgz",
      "integrity": "sha512-QdrKe3EvQrqwkDrtuTIjI0bu6YEJHTgEeqdzI3uWJOH6G1O8Nl1iEeVYRGdj1h5I21CqxSvQp1Yv7xeU3ZewbA==",
      "cpu": [
        "arm64"
      ],
      "license": "Apache-2.0",
      "optional": true,
      "os": [
        "linux"
      ],
      "engines": {
        "node": "^18.17.0 || ^20.3.0 || >=21.0.0"
      },
      "funding": {
        "url": "https://opencollective.com/libvips"
      },
      "optionalDependencies": {
        "@img/sharp-libvips-linux-arm64": "1.2.0"
      }
    },
    "node_modules/@img/sharp-linux-ppc64": {
      "version": "0.34.3",
      "resolved": "https://registry.npmjs.org/@img/sharp-linux-ppc64/-/sharp-linux-ppc64-0.34.3.tgz",
      "integrity": "sha512-GLtbLQMCNC5nxuImPR2+RgrviwKwVql28FWZIW1zWruy6zLgA5/x2ZXk3mxj58X/tszVF69KK0Is83V8YgWhLA==",
      "cpu": [
        "ppc64"
      ],
      "license": "Apache-2.0",
      "optional": true,
      "os": [
        "linux"
      ],
      "engines": {
        "node": "^18.17.0 || ^20.3.0 || >=21.0.0"
      },
      "funding": {
        "url": "https://opencollective.com/libvips"
      },
      "optionalDependencies": {
        "@img/sharp-libvips-linux-ppc64": "1.2.0"
      }
    },
    "node_modules/@img/sharp-linux-s390x": {
      "version": "0.34.3",
      "resolved": "https://registry.npmjs.org/@img/sharp-linux-s390x/-/sharp-linux-s390x-0.34.3.tgz",
      "integrity": "sha512-3gahT+A6c4cdc2edhsLHmIOXMb17ltffJlxR0aC2VPZfwKoTGZec6u5GrFgdR7ciJSsHT27BD3TIuGcuRT0KmQ==",
      "cpu": [
        "s390x"
      ],
      "license": "Apache-2.0",
      "optional": true,
      "os": [
        "linux"
      ],
      "engines": {
        "node": "^18.17.0 || ^20.3.0 || >=21.0.0"
      },
      "funding": {
        "url": "https://opencollective.com/libvips"
      },
      "optionalDependencies": {
        "@img/sharp-libvips-linux-s390x": "1.2.0"
      }
    },
    "node_modules/@img/sharp-linux-x64": {
      "version": "0.34.3",
      "resolved": "https://registry.npmjs.org/@img/sharp-linux-x64/-/sharp-linux-x64-0.34.3.tgz",
      "integrity": "sha512-8kYso8d806ypnSq3/Ly0QEw90V5ZoHh10yH0HnrzOCr6DKAPI6QVHvwleqMkVQ0m+fc7EH8ah0BB0QPuWY6zJQ==",
      "cpu": [
        "x64"
      ],
      "license": "Apache-2.0",
      "optional": true,
      "os": [
        "linux"
      ],
      "engines": {
        "node": "^18.17.0 || ^20.3.0 || >=21.0.0"
      },
      "funding": {
        "url": "https://opencollective.com/libvips"
      },
      "optionalDependencies": {
        "@img/sharp-libvips-linux-x64": "1.2.0"
      }
    },
    "node_modules/@img/sharp-linuxmusl-arm64": {
      "version": "0.34.3",
      "resolved": "https://registry.npmjs.org/@img/sharp-linuxmusl-arm64/-/sharp-linuxmusl-arm64-0.34.3.tgz",
      "integrity": "sha512-vAjbHDlr4izEiXM1OTggpCcPg9tn4YriK5vAjowJsHwdBIdx0fYRsURkxLG2RLm9gyBq66gwtWI8Gx0/ov+JKQ==",
      "cpu": [
        "arm64"
      ],
      "license": "Apache-2.0",
      "optional": true,
      "os": [
        "linux"
      ],
      "engines": {
        "node": "^18.17.0 || ^20.3.0 || >=21.0.0"
      },
      "funding": {
        "url": "https://opencollective.com/libvips"
      },
      "optionalDependencies": {
        "@img/sharp-libvips-linuxmusl-arm64": "1.2.0"
      }
    },
    "node_modules/@img/sharp-linuxmusl-x64": {
      "version": "0.34.3",
      "resolved": "https://registry.npmjs.org/@img/sharp-linuxmusl-x64/-/sharp-linuxmusl-x64-0.34.3.tgz",
      "integrity": "sha512-gCWUn9547K5bwvOn9l5XGAEjVTTRji4aPTqLzGXHvIr6bIDZKNTA34seMPgM0WmSf+RYBH411VavCejp3PkOeQ==",
      "cpu": [
        "x64"
      ],
      "license": "Apache-2.0",
      "optional": true,
      "os": [
        "linux"
      ],
      "engines": {
        "node": "^18.17.0 || ^20.3.0 || >=21.0.0"
      },
      "funding": {
        "url": "https://opencollective.com/libvips"
      },
      "optionalDependencies": {
        "@img/sharp-libvips-linuxmusl-x64": "1.2.0"
      }
    },
    "node_modules/@img/sharp-wasm32": {
      "version": "0.34.3",
      "resolved": "https://registry.npmjs.org/@img/sharp-wasm32/-/sharp-wasm32-0.34.3.tgz",
      "integrity": "sha512-+CyRcpagHMGteySaWos8IbnXcHgfDn7pO2fiC2slJxvNq9gDipYBN42/RagzctVRKgxATmfqOSulgZv5e1RdMg==",
      "cpu": [
        "wasm32"
      ],
      "license": "Apache-2.0 AND LGPL-3.0-or-later AND MIT",
      "optional": true,
      "dependencies": {
        "@emnapi/runtime": "^1.4.4"
      },
      "engines": {
        "node": "^18.17.0 || ^20.3.0 || >=21.0.0"
      },
      "funding": {
        "url": "https://opencollective.com/libvips"
      }
    },
    "node_modules/@img/sharp-win32-arm64": {
      "version": "0.34.3",
      "resolved": "https://registry.npmjs.org/@img/sharp-win32-arm64/-/sharp-win32-arm64-0.34.3.tgz",
      "integrity": "sha512-MjnHPnbqMXNC2UgeLJtX4XqoVHHlZNd+nPt1kRPmj63wURegwBhZlApELdtxM2OIZDRv/DFtLcNhVbd1z8GYXQ==",
      "cpu": [
        "arm64"
      ],
      "license": "Apache-2.0 AND LGPL-3.0-or-later",
      "optional": true,
      "os": [
        "win32"
      ],
      "engines": {
        "node": "^18.17.0 || ^20.3.0 || >=21.0.0"
      },
      "funding": {
        "url": "https://opencollective.com/libvips"
      }
    },
    "node_modules/@img/sharp-win32-ia32": {
      "version": "0.34.3",
      "resolved": "https://registry.npmjs.org/@img/sharp-win32-ia32/-/sharp-win32-ia32-0.34.3.tgz",
      "integrity": "sha512-xuCdhH44WxuXgOM714hn4amodJMZl3OEvf0GVTm0BEyMeA2to+8HEdRPShH0SLYptJY1uBw+SCFP9WVQi1Q/cw==",
      "cpu": [
        "ia32"
      ],
      "license": "Apache-2.0 AND LGPL-3.0-or-later",
      "optional": true,
      "os": [
        "win32"
      ],
      "engines": {
        "node": "^18.17.0 || ^20.3.0 || >=21.0.0"
      },
      "funding": {
        "url": "https://opencollective.com/libvips"
      }
    },
    "node_modules/@img/sharp-win32-x64": {
      "version": "0.34.3",
      "resolved": "https://registry.npmjs.org/@img/sharp-win32-x64/-/sharp-win32-x64-0.34.3.tgz",
      "integrity": "sha512-OWwz05d++TxzLEv4VnsTz5CmZ6mI6S05sfQGEMrNrQcOEERbX46332IvE7pO/EUiw7jUrrS40z/M7kPyjfl04g==",
      "cpu": [
        "x64"
      ],
      "license": "Apache-2.0 AND LGPL-3.0-or-later",
      "optional": true,
      "os": [
        "win32"
      ],
      "engines": {
        "node": "^18.17.0 || ^20.3.0 || >=21.0.0"
      },
      "funding": {
        "url": "https://opencollective.com/libvips"
      }
    },
    "node_modules/@next/env": {
      "version": "15.4.9",
      "resolved": "https://registry.npmjs.org/@next/env/-/env-15.4.9.tgz",
      "integrity": "sha512-OYR0RulK5phnbxxzcLE4/ECgfx1PL3EHrDbjyelJ7jauaO+/Qvj5gG8JPMltB51CygC2KrZ0aAfYLjPYjYY17A==",
      "license": "MIT"
    },
    "node_modules/@next/swc-darwin-arm64": {
      "version": "15.4.8",
      "resolved": "https://registry.npmjs.org/@next/swc-darwin-arm64/-/swc-darwin-arm64-15.4.8.tgz",
      "integrity": "sha512-Pf6zXp7yyQEn7sqMxur6+kYcywx5up1J849psyET7/8pG2gQTVMjU3NzgIt8SeEP5to3If/SaWmaA6H6ysBr1A==",
      "cpu": [
        "arm64"
      ],
      "license": "MIT",
      "optional": true,
      "os": [
        "darwin"
      ],
      "engines": {
        "node": ">= 10"
      }
    },
    "node_modules/@next/swc-darwin-x64": {
      "version": "15.4.8",
      "resolved": "https://registry.npmjs.org/@next/swc-darwin-x64/-/swc-darwin-x64-15.4.8.tgz",
      "integrity": "sha512-xla6AOfz68a6kq3gRQccWEvFC/VRGJmA/QuSLENSO7CZX5WIEkSz7r1FdXUjtGCQ1c2M+ndUAH7opdfLK1PQbw==",
      "cpu": [
        "x64"
      ],
      "license": "MIT",
      "optional": true,
      "os": [
        "darwin"
      ],
      "engines": {
        "node": ">= 10"
      }
    },
    "node_modules/@next/swc-linux-arm64-gnu": {
      "version": "15.4.8",
      "resolved": "https://registry.npmjs.org/@next/swc-linux-arm64-gnu/-/swc-linux-arm64-gnu-15.4.8.tgz",
      "integrity": "sha512-y3fmp+1Px/SJD+5ntve5QLZnGLycsxsVPkTzAc3zUiXYSOlTPqT8ynfmt6tt4fSo1tAhDPmryXpYKEAcoAPDJw==",
      "cpu": [
        "arm64"
      ],
      "license": "MIT",
      "optional": true,
      "os": [
        "linux"
      ],
      "engines": {
        "node": ">= 10"
      }
    },
    "node_modules/@next/swc-linux-arm64-musl": {
      "version": "15.4.8",
      "resolved": "https://registry.npmjs.org/@next/swc-linux-arm64-musl/-/swc-linux-arm64-musl-15.4.8.tgz",
      "integrity": "sha512-DX/L8VHzrr1CfwaVjBQr3GWCqNNFgyWJbeQ10Lx/phzbQo3JNAxUok1DZ8JHRGcL6PgMRgj6HylnLNndxn4Z6A==",
      "cpu": [
        "arm64"
      ],
      "license": "MIT",
      "optional": true,
      "os": [
        "linux"
      ],
      "engines": {
        "node": ">= 10"
      }
    },
    "node_modules/@next/swc-linux-x64-gnu": {
      "version": "15.4.8",
      "resolved": "https://registry.npmjs.org/@next/swc-linux-x64-gnu/-/swc-linux-x64-gnu-15.4.8.tgz",
      "integrity": "sha512-9fLAAXKAL3xEIFdKdzG5rUSvSiZTLLTCc6JKq1z04DR4zY7DbAPcRvNm3K1inVhTiQCs19ZRAgUerHiVKMZZIA==",
      "cpu": [
        "x64"
      ],
      "license": "MIT",
      "optional": true,
      "os": [
        "linux"
      ],
      "engines": {
        "node": ">= 10"
      }
    },
    "node_modules/@next/swc-linux-x64-musl": {
      "version": "15.4.8",
      "resolved": "https://registry.npmjs.org/@next/swc-linux-x64-musl/-/swc-linux-x64-musl-15.4.8.tgz",
      "integrity": "sha512-s45V7nfb5g7dbS7JK6XZDcapicVrMMvX2uYgOHP16QuKH/JA285oy6HcxlKqwUNaFY/UC6EvQ8QZUOo19cBKSA==",
      "cpu": [
        "x64"
      ],
      "license": "MIT",
      "optional": true,
      "os": [
        "linux"
      ],
      "engines": {
        "node": ">= 10"
      }
    },
    "node_modules/@next/swc-win32-arm64-msvc": {
      "version": "15.4.8",
      "resolved": "https://registry.npmjs.org/@next/swc-win32-arm64-msvc/-/swc-win32-arm64-msvc-15.4.8.tgz",
      "integrity": "sha512-KjgeQyOAq7t/HzAJcWPGA8X+4WY03uSCZ2Ekk98S9OgCFsb6lfBE3dbUzUuEQAN2THbwYgFfxX2yFTCMm8Kehw==",
      "cpu": [
        "arm64"
      ],
      "license": "MIT",
      "optional": true,
      "os": [
        "win32"
      ],
      "engines": {
        "node": ">= 10"
      }
    },
    "node_modules/@next/swc-win32-x64-msvc": {
      "version": "15.4.8",
      "resolved": "https://registry.npmjs.org/@next/swc-win32-x64-msvc/-/swc-win32-x64-msvc-15.4.8.tgz",
      "integrity": "sha512-Exsmf/+42fWVnLMaZHzshukTBxZrSwuuLKFvqhGHJ+mC1AokqieLY/XzAl3jc/CqhXLqLY3RRjkKJ9YnLPcRWg==",
      "cpu": [
        "x64"
      ],
      "license": "MIT",
      "optional": true,
      "os": [
        "win32"
      ],
      "engines": {
        "node": ">= 10"
      }
    },
    "node_modules/@opentelemetry/api": {
      "version": "1.9.0",
      "resolved": "https://registry.npmjs.org/@opentelemetry/api/-/api-1.9.0.tgz",
      "integrity": "sha512-3giAOQvZiH5F9bMlMiv8+GSPMeqg0dbaeo58/0SlA9sxSqZhnUtxzX9/2FzyhS9sWQf5S0GJE0AKBrFqjpeYcg==",
      "peer": true,
      "engines": {
        "node": ">=8.0.0"
      }
    },
    "node_modules/@opentelemetry/api-logs": {
      "version": "0.54.0",
      "resolved": "https://registry.npmjs.org/@opentelemetry/api-logs/-/api-logs-0.54.0.tgz",
      "integrity": "sha512-9HhEh5GqFrassUndqJsyW7a0PzfyWr2eV2xwzHLIS+wX3125+9HE9FMRAKmJRwxZhgZGwH3HNQQjoMGZqmOeVA==",
      "peer": true,
      "dependencies": {
        "@opentelemetry/api": "^1.3.0"
      },
      "engines": {
        "node": ">=14"
      }
    },
    "node_modules/@opentelemetry/core": {
      "version": "1.27.0",
      "resolved": "https://registry.npmjs.org/@opentelemetry/core/-/core-1.27.0.tgz",
      "integrity": "sha512-yQPKnK5e+76XuiqUH/gKyS8wv/7qITd5ln56QkBTf3uggr0VkXOXfcaAuG330UfdYu83wsyoBwqwxigpIG+Jkg==",
      "dependencies": {
        "@opentelemetry/semantic-conventions": "1.27.0"
      },
      "engines": {
        "node": ">=14"
      },
      "peerDependencies": {
        "@opentelemetry/api": ">=1.0.0 <1.10.0"
      }
    },
    "node_modules/@opentelemetry/instrumentation": {
      "version": "0.54.0",
      "resolved": "https://registry.npmjs.org/@opentelemetry/instrumentation/-/instrumentation-0.54.0.tgz",
      "integrity": "sha512-B0Ydo9g9ehgNHwtpc97XivEzjz0XBKR6iQ83NTENIxEEf5NHE0otZQuZLgDdey1XNk+bP1cfRpIkSFWM5YlSyg==",
      "peer": true,
      "dependencies": {
        "@opentelemetry/api-logs": "0.54.0",
        "@types/shimmer": "^1.2.0",
        "import-in-the-middle": "^1.8.1",
        "require-in-the-middle": "^7.1.1",
        "semver": "^7.5.2",
        "shimmer": "^1.2.1"
      },
      "engines": {
        "node": ">=14"
      },
      "peerDependencies": {
        "@opentelemetry/api": "^1.3.0"
      }
    },
    "node_modules/@opentelemetry/resources": {
      "version": "1.27.0",
      "resolved": "https://registry.npmjs.org/@opentelemetry/resources/-/resources-1.27.0.tgz",
      "integrity": "sha512-jOwt2VJ/lUD5BLc+PMNymDrUCpm5PKi1E9oSVYAvz01U/VdndGmrtV3DU1pG4AwlYhJRHbHfOUIlpBeXCPw6QQ==",
      "peer": true,
      "dependencies": {
        "@opentelemetry/core": "1.27.0",
        "@opentelemetry/semantic-conventions": "1.27.0"
      },
      "engines": {
        "node": ">=14"
      },
      "peerDependencies": {
        "@opentelemetry/api": ">=1.0.0 <1.10.0"
      }
    },
    "node_modules/@opentelemetry/sdk-logs": {
      "version": "0.54.0",
      "resolved": "https://registry.npmjs.org/@opentelemetry/sdk-logs/-/sdk-logs-0.54.0.tgz",
      "integrity": "sha512-HeWvOPiWhEw6lWvg+lCIi1WhJnIPbI4/OFZgHq9tKfpwF3LX6/kk3+GR8sGUGAEZfbjPElkkngzvd2s03zbD7Q==",
      "peer": true,
      "dependencies": {
        "@opentelemetry/api-logs": "0.54.0",
        "@opentelemetry/core": "1.27.0",
        "@opentelemetry/resources": "1.27.0"
      },
      "engines": {
        "node": ">=14"
      },
      "peerDependencies": {
        "@opentelemetry/api": ">=1.4.0 <1.10.0"
      }
    },
    "node_modules/@opentelemetry/sdk-metrics": {
      "version": "1.27.0",
      "resolved": "https://registry.npmjs.org/@opentelemetry/sdk-metrics/-/sdk-metrics-1.27.0.tgz",
      "integrity": "sha512-JzWgzlutoXCydhHWIbLg+r76m+m3ncqvkCcsswXAQ4gqKS+LOHKhq+t6fx1zNytvLuaOUBur7EvWxECc4jPQKg==",
      "peer": true,
      "dependencies": {
        "@opentelemetry/core": "1.27.0",
        "@opentelemetry/resources": "1.27.0"
      },
      "engines": {
        "node": ">=14"
      },
      "peerDependencies": {
        "@opentelemetry/api": ">=1.3.0 <1.10.0"
      }
    },
    "node_modules/@opentelemetry/sdk-trace-base": {
      "version": "1.27.0",
      "resolved": "https://registry.npmjs.org/@opentelemetry/sdk-trace-base/-/sdk-trace-base-1.27.0.tgz",
      "integrity": "sha512-btz6XTQzwsyJjombpeqCX6LhiMQYpzt2pIYNPnw0IPO/3AhT6yjnf8Mnv3ZC2A4eRYOjqrg+bfaXg9XHDRJDWQ==",
      "peer": true,
      "dependencies": {
        "@opentelemetry/core": "1.27.0",
        "@opentelemetry/resources": "1.27.0",
        "@opentelemetry/semantic-conventions": "1.27.0"
      },
      "engines": {
        "node": ">=14"
      },
      "peerDependencies": {
        "@opentelemetry/api": ">=1.0.0 <1.10.0"
      }
    },
    "node_modules/@opentelemetry/semantic-conventions": {
      "version": "1.27.0",
      "resolved": "https://registry.npmjs.org/@opentelemetry/semantic-conventions/-/semantic-conventions-1.27.0.tgz",
      "integrity": "sha512-sAay1RrB+ONOem0OZanAR1ZI/k7yDpnOQSQmTMuGImUQb2y8EbSaCJ94FQluM74xoU03vlb2d2U90hZluL6nQg==",
      "engines": {
        "node": ">=14"
      }
    },
    "node_modules/@swc/helpers": {
      "version": "0.5.15",
      "resolved": "https://registry.npmjs.org/@swc/helpers/-/helpers-0.5.15.tgz",
      "integrity": "sha512-JQ5TuMi45Owi4/BIMAJBoSQoOJu12oOk/gADqlcUL9JEdHB8vyjUSsxqeNXnmXHjYKMi2WcYtezGEEhqUI/E2g==",
      "dependencies": {
        "tslib": "^2.8.0"
      }
    },
    "node_modules/@types/node": {
      "version": "20.17.5",
      "resolved": "https://registry.npmjs.org/@types/node/-/node-20.17.5.tgz",
      "integrity": "sha512-n8FYY/pRxu496441gIcAQFZPKXbhsd6VZygcq+PTSZ75eMh/Ke0hCAROdUa21qiFqKNsPPYic46yXDO1JGiPBQ==",
      "dev": true,
      "dependencies": {
        "undici-types": "~6.19.2"
      }
    },
    "node_modules/@types/prop-types": {
      "version": "15.7.13",
      "resolved": "https://registry.npmjs.org/@types/prop-types/-/prop-types-15.7.13.tgz",
      "integrity": "sha512-hCZTSvwbzWGvhqxp/RqVqwU999pBf2vp7hzIjiYOsl8wqOmUxkQ6ddw1cV3l8811+kdUFus/q4d1Y3E3SyEifA==",
      "dev": true
    },
    "node_modules/@types/react": {
      "version": "18.3.12",
      "resolved": "https://registry.npmjs.org/@types/react/-/react-18.3.12.tgz",
      "integrity": "sha512-D2wOSq/d6Agt28q7rSI3jhU7G6aiuzljDGZ2hTZHIkrTLUI+AF3WMeKkEZ9nN2fkBAlcktT6vcZjDFiIhMYEQw==",
      "dev": true,
      "dependencies": {
        "@types/prop-types": "*",
        "csstype": "^3.0.2"
      }
    },
    "node_modules/@types/react-dom": {
      "version": "18.3.1",
      "resolved": "https://registry.npmjs.org/@types/react-dom/-/react-dom-18.3.1.tgz",
      "integrity": "sha512-qW1Mfv8taImTthu4KoXgDfLuk4bydU6Q/TkADnDWWHwi4NX4BR+LWfTp2sVmTqRrsHvyDDTelgelxJ+SsejKKQ==",
      "dev": true,
      "dependencies": {
        "@types/react": "*"
      }
    },
    "node_modules/@types/shimmer": {
      "version": "1.2.0",
      "resolved": "https://registry.npmjs.org/@types/shimmer/-/shimmer-1.2.0.tgz",
      "integrity": "sha512-UE7oxhQLLd9gub6JKIAhDq06T0F6FnztwMNRvYgjeQSBeMc1ZG/tA47EwfduvkuQS8apbkM/lpLpWsaCeYsXVg=="
    },
    "node_modules/@vercel/otel": {
      "version": "1.10.0",
      "resolved": "https://registry.npmjs.org/@vercel/otel/-/otel-1.10.0.tgz",
      "integrity": "sha512-bv1FXbFZlFbB89vyA2P9/kr6eZ42bMtXgqBJpgi+8yOrZU8rkg9wMi0TL//AgAf/qKtaryDm1sbCnkLHgCI3PQ==",
      "engines": {
        "node": ">=18"
      },
      "peerDependencies": {
        "@opentelemetry/api": "^1.7.0",
        "@opentelemetry/api-logs": ">=0.46.0 && <1.0.0",
        "@opentelemetry/instrumentation": ">=0.46.0 && <1.0.0",
        "@opentelemetry/resources": "^1.19.0",
        "@opentelemetry/sdk-logs": ">=0.46.0 && <1.0.0",
        "@opentelemetry/sdk-metrics": "^1.19.0",
        "@opentelemetry/sdk-trace-base": "^1.19.0"
      }
    },
    "node_modules/acorn": {
      "version": "8.14.0",
      "resolved": "https://registry.npmjs.org/acorn/-/acorn-8.14.0.tgz",
      "integrity": "sha512-cl669nCJTZBsL97OF4kUQm5g5hC2uihk0NxY3WENAC0TYdILVkAyHymAntgxGkl7K+t0cXIrH5siy5S4XkFycA==",
      "peer": true,
      "bin": {
        "acorn": "bin/acorn"
      },
      "engines": {
        "node": ">=0.4.0"
      }
    },
    "node_modules/acorn-import-attributes": {
      "version": "1.9.5",
      "resolved": "https://registry.npmjs.org/acorn-import-attributes/-/acorn-import-attributes-1.9.5.tgz",
      "integrity": "sha512-n02Vykv5uA3eHGM/Z2dQrcD56kL8TyDb2p1+0P83PClMnC/nc+anbQRhIOWnSq4Ke/KvDPrY3C9hDtC/A3eHnQ==",
      "peerDependencies": {
        "acorn": "^8"
      }
    },
    "node_modules/caniuse-lite": {
      "version": "1.0.30001676",
      "resolved": "https://registry.npmjs.org/caniuse-lite/-/caniuse-lite-1.0.30001676.tgz",
      "integrity": "sha512-Qz6zwGCiPghQXGJvgQAem79esjitvJ+CxSbSQkW9H/UX5hg8XM88d4lp2W+MEQ81j+Hip58Il+jGVdazk1z9cw==",
      "funding": [
        {
          "type": "opencollective",
          "url": "https://opencollective.com/browserslist"
        },
        {
          "type": "tidelift",
          "url": "https://tidelift.com/funding/github/npm/caniuse-lite"
        },
        {
          "type": "github",
          "url": "https://github.com/sponsors/ai"
        }
      ]
    },
    "node_modules/cjs-module-lexer": {
      "version": "1.4.1",
      "resolved": "https://registry.npmjs.org/cjs-module-lexer/-/cjs-module-lexer-1.4.1.tgz",
      "integrity": "sha512-cuSVIHi9/9E/+821Qjdvngor+xpnlwnuwIyZOaLmHBVdXL+gP+I6QQB9VkO7RI77YIcTV+S1W9AreJ5eN63JBA=="
    },
    "node_modules/client-only": {
      "version": "0.0.1",
      "resolved": "https://registry.npmjs.org/client-only/-/client-only-0.0.1.tgz",
      "integrity": "sha512-IV3Ou0jSMzZrd3pZ48nLkT9DA7Ag1pnPzaiQhpW7c3RbcqqzvzzVu+L8gfqMp/8IM2MQtSiqaCxrrcfu8I8rMA=="
    },
    "node_modules/color": {
      "version": "4.2.3",
      "resolved": "https://registry.npmjs.org/color/-/color-4.2.3.tgz",
      "integrity": "sha512-1rXeuUUiGGrykh+CeBdu5Ie7OJwinCgQY0bc7GCRxy5xVHy+moaqkpL/jqQq0MtQOeYcrqEz4abc5f0KtU7W4A==",
      "license": "MIT",
      "optional": true,
      "dependencies": {
        "color-convert": "^2.0.1",
        "color-string": "^1.9.0"
      },
      "engines": {
        "node": ">=12.5.0"
      }
    },
    "node_modules/color-convert": {
      "version": "2.0.1",
      "resolved": "https://registry.npmjs.org/color-convert/-/color-convert-2.0.1.tgz",
      "integrity": "sha512-RRECPsj7iu/xb5oKYcsFHSppFNnsj/52OVTRKb4zP5onXwVF3zVmmToNcOfGC+CRDpfK/U584fMg38ZHCaElKQ==",
      "license": "MIT",
      "optional": true,
      "dependencies": {
        "color-name": "~1.1.4"
      },
      "engines": {
        "node": ">=7.0.0"
      }
    },
    "node_modules/color-name": {
      "version": "1.1.4",
      "resolved": "https://registry.npmjs.org/color-name/-/color-name-1.1.4.tgz",
      "integrity": "sha512-dOy+3AuW3a2wNbZHIuMZpTcgjGuLU/uBL/ubcZF9OXbDo8ff4O8yVp5Bf0efS8uEoYo5q4Fx7dY9OgQGXgAsQA==",
      "license": "MIT",
      "optional": true
    },
    "node_modules/color-string": {
      "version": "1.9.1",
      "resolved": "https://registry.npmjs.org/color-string/-/color-string-1.9.1.tgz",
      "integrity": "sha512-shrVawQFojnZv6xM40anx4CkoDP+fZsw/ZerEMsW/pyzsRbElpsL/DBVW7q3ExxwusdNXI3lXpuhEZkzs8p5Eg==",
      "license": "MIT",
      "optional": true,
      "dependencies": {
        "color-name": "^1.0.0",
        "simple-swizzle": "^0.2.2"
      }
    },
    "node_modules/csstype": {
      "version": "3.1.3",
      "resolved": "https://registry.npmjs.org/csstype/-/csstype-3.1.3.tgz",
      "integrity": "sha512-M1uQkMl8rQK/szD0LNhtqxIPLpimGm8sOBwU7lLnCpSbTyY3yeU1Vc7l4KT5zT4s/yOxHH5O7tIuuLOCnLADRw==",
      "dev": true
    },
    "node_modules/debug": {
      "version": "4.3.7",
      "resolved": "https://registry.npmjs.org/debug/-/debug-4.3.7.tgz",
      "integrity": "sha512-Er2nc/H7RrMXZBFCEim6TCmMk02Z8vLC2Rbi1KEBggpo0fS6l0S1nnapwmIi3yW/+GOJap1Krg4w0Hg80oCqgQ==",
      "dependencies": {
        "ms": "^2.1.3"
      },
      "engines": {
        "node": ">=6.0"
      },
      "peerDependenciesMeta": {
        "supports-color": {
          "optional": true
        }
      }
    },
    "node_modules/detect-libc": {
      "version": "2.0.4",
      "resolved": "https://registry.npmjs.org/detect-libc/-/detect-libc-2.0.4.tgz",
      "integrity": "sha512-3UDv+G9CsCKO1WKMGw9fwq/SWJYbI0c5Y7LU1AXYoDdbhE2AHQ6N6Nb34sG8Fj7T5APy8qXDCKuuIHd1BR0tVA==",
      "license": "Apache-2.0",
      "optional": true,
      "engines": {
        "node": ">=8"
      }
    },
    "node_modules/function-bind": {
      "version": "1.1.2",
      "resolved": "https://registry.npmjs.org/function-bind/-/function-bind-1.1.2.tgz",
      "integrity": "sha512-7XHNxH7qX9xG5mIwxkhumTox/MIRNcOgDrxWsMt2pAr23WHp6MrRlN7FBSFpCpr+oVO0F744iUgR82nJMfG2SA==",
      "funding": {
        "url": "https://github.com/sponsors/ljharb"
      }
    },
    "node_modules/hasown": {
      "version": "2.0.2",
      "resolved": "https://registry.npmjs.org/hasown/-/hasown-2.0.2.tgz",
      "integrity": "sha512-0hJU9SCPvmMzIBdZFqNPXWa6dqh7WdH0cII9y+CyS8rG3nL48Bclra9HmKhVVUHyPWNH5Y7xDwAB7bfgSjkUMQ==",
      "dependencies": {
        "function-bind": "^1.1.2"
      },
      "engines": {
        "node": ">= 0.4"
      }
    },
    "node_modules/import-in-the-middle": {
      "version": "1.11.2",
      "resolved": "https://registry.npmjs.org/import-in-the-middle/-/import-in-the-middle-1.11.2.tgz",
      "integrity": "sha512-gK6Rr6EykBcc6cVWRSBR5TWf8nn6hZMYSRYqCcHa0l0d1fPK7JSYo6+Mlmck76jIX9aL/IZ71c06U2VpFwl1zA==",
      "dependencies": {
        "acorn": "^8.8.2",
        "acorn-import-attributes": "^1.9.5",
        "cjs-module-lexer": "^1.2.2",
        "module-details-from-path": "^1.0.3"
      }
    },
    "node_modules/is-arrayish": {
      "version": "0.3.2",
      "resolved": "https://registry.npmjs.org/is-arrayish/-/is-arrayish-0.3.2.tgz",
      "integrity": "sha512-eVRqCvVlZbuw3GrM63ovNSNAeA1K16kaR/LRY/92w0zxQ5/1YzwblUX652i4Xs9RwAGjW9d9y6X88t8OaAJfWQ==",
      "license": "MIT",
      "optional": true
    },
    "node_modules/is-core-module": {
      "version": "2.15.1",
      "resolved": "https://registry.npmjs.org/is-core-module/-/is-core-module-2.15.1.tgz",
      "integrity": "sha512-z0vtXSwucUJtANQWldhbtbt7BnL0vxiFjIdDLAatwhDYty2bad6s+rijD6Ri4YuYJubLzIJLUidCh09e1djEVQ==",
      "dependencies": {
        "hasown": "^2.0.2"
      },
      "engines": {
        "node": ">= 0.4"
      },
      "funding": {
        "url": "https://github.com/sponsors/ljharb"
      }
    },
    "node_modules/module-details-from-path": {
      "version": "1.0.3",
      "resolved": "https://registry.npmjs.org/module-details-from-path/-/module-details-from-path-1.0.3.tgz",
      "integrity": "sha512-ySViT69/76t8VhE1xXHK6Ch4NcDd26gx0MzKXLO+F7NOtnqH68d9zF94nT8ZWSxXh8ELOERsnJO/sWt1xZYw5A=="
    },
    "node_modules/ms": {
      "version": "2.1.3",
      "resolved": "https://registry.npmjs.org/ms/-/ms-2.1.3.tgz",
      "integrity": "sha512-6FlzubTLZG3J2a/NVCAleEhjzq5oxgHyaCU9yYXvcLsvoVaHJq/s5xXI6/XXP6tz7R9xAOtHnSO/tXtF3WRTlA=="
    },
    "node_modules/nanoid": {
      "version": "3.3.8",
      "resolved": "https://registry.npmjs.org/nanoid/-/nanoid-3.3.8.tgz",
      "integrity": "sha512-WNLf5Sd8oZxOm+TzppcYk8gVOgP+l58xNy58D0nbUnOxOWRWvlcCV4kUF7ltmI6PsrLl/BgKEyS4mqsGChFN0w==",
      "funding": [
        {
          "type": "github",
          "url": "https://github.com/sponsors/ai"
        }
      ],
      "bin": {
        "nanoid": "bin/nanoid.cjs"
      },
      "engines": {
        "node": "^10 || ^12 || ^13.7 || ^14 || >=15.0.1"
      }
    },
    "node_modules/next": {
      "version": "15.4.9",
      "resolved": "https://registry.npmjs.org/next/-/next-15.4.9.tgz",
      "integrity": "sha512-/NedNmbiH4Umt/7SohT9VKxEdBt02Lj33xHrukE7d8Li6juT+75sEq4a4U06jggrvdbklKgr78OZEyWZ8XRrtw==",
      "license": "MIT",
      "dependencies": {
        "@next/env": "15.4.9",
        "@swc/helpers": "0.5.15",
        "caniuse-lite": "^1.0.30001579",
        "postcss": "8.4.31",
        "styled-jsx": "5.1.6"
      },
      "bin": {
        "next": "dist/bin/next"
      },
      "engines": {
        "node": "^18.18.0 || ^19.8.0 || >= 20.0.0"
      },
      "optionalDependencies": {
        "@next/swc-darwin-arm64": "15.4.8",
        "@next/swc-darwin-x64": "15.4.8",
        "@next/swc-linux-arm64-gnu": "15.4.8",
        "@next/swc-linux-arm64-musl": "15.4.8",
        "@next/swc-linux-x64-gnu": "15.4.8",
        "@next/swc-linux-x64-musl": "15.4.8",
        "@next/swc-win32-arm64-msvc": "15.4.8",
        "@next/swc-win32-x64-msvc": "15.4.8",
        "sharp": "^0.34.3"
      },
      "peerDependencies": {
        "@opentelemetry/api": "^1.1.0",
        "@playwright/test": "^1.51.1",
        "babel-plugin-react-compiler": "*",
        "react": "^18.2.0 || 19.0.0-rc-de68d2f4-20241204 || ^19.0.0",
        "react-dom": "^18.2.0 || 19.0.0-rc-de68d2f4-20241204 || ^19.0.0",
        "sass": "^1.3.0"
      },
      "peerDependenciesMeta": {
        "@opentelemetry/api": {
          "optional": true
        },
        "@playwright/test": {
          "optional": true
        },
        "babel-plugin-react-compiler": {
          "optional": true
        },
        "sass": {
          "optional": true
        }
      }
    },
    "node_modules/path-parse": {
      "version": "1.0.7",
      "resolved": "https://registry.npmjs.org/path-parse/-/path-parse-1.0.7.tgz",
      "integrity": "sha512-LDJzPVEEEPR+y48z93A0Ed0yXb8pAByGWo/k5YYdYgpY2/2EsOsksJrq7lOHxryrVOn1ejG6oAp8ahvOIQD8sw=="
    },
    "node_modules/picocolors": {
      "version": "1.1.1",
      "resolved": "https://registry.npmjs.org/picocolors/-/picocolors-1.1.1.tgz",
      "integrity": "sha512-xceH2snhtb5M9liqDsmEw56le376mTZkEX/jEb/RxNFyegNul7eNslCXP9FDj/Lcu0X8KEyMceP2ntpaHrDEVA=="
    },
    "node_modules/postcss": {
      "version": "8.4.31",
      "resolved": "https://registry.npmjs.org/postcss/-/postcss-8.4.31.tgz",
      "integrity": "sha512-PS08Iboia9mts/2ygV3eLpY5ghnUcfLV/EXTOW1E2qYxJKGGBUtNjN76FYHnMs36RmARn41bC0AZmn+rR0OVpQ==",
      "funding": [
        {
          "type": "opencollective",
          "url": "https://opencollective.com/postcss/"
        },
        {
          "type": "tidelift",
          "url": "https://tidelift.com/funding/github/npm/postcss"
        },
        {
          "type": "github",
          "url": "https://github.com/sponsors/ai"
        }
      ],
      "dependencies": {
        "nanoid": "^3.3.6",
        "picocolors": "^1.0.0",
        "source-map-js": "^1.0.2"
      },
      "engines": {
        "node": "^10 || ^12 || >=14"
      }
    },
    "node_modules/react": {
      "version": "19.0.0-rc-02c0e824-20241028",
      "resolved": "https://registry.npmjs.org/react/-/react-19.0.0-rc-02c0e824-20241028.tgz",
      "integrity": "sha512-GbZ7hpPHQMiEu53BqEaPQVM/4GG4hARo+mqEEnx4rYporDvNvUjutiAFxYFSbu6sgHwcr7LeFv8htEOwALVA2A==",
      "peer": true,
      "engines": {
        "node": ">=0.10.0"
      }
    },
    "node_modules/react-dom": {
      "version": "19.0.0-rc-02c0e824-20241028",
      "resolved": "https://registry.npmjs.org/react-dom/-/react-dom-19.0.0-rc-02c0e824-20241028.tgz",
      "integrity": "sha512-LrZf3DfHL6Fs07wwlUCHrzFTCMM19yA99MvJpfLokN4I2nBAZvREGZjZAn8VPiSfN72+i9j1eL4wB8gC695F3Q==",
      "peer": true,
      "dependencies": {
        "scheduler": "0.25.0-rc-02c0e824-20241028"
      },
      "peerDependencies": {
        "react": "19.0.0-rc-02c0e824-20241028"
      }
    },
    "node_modules/require-in-the-middle": {
      "version": "7.4.0",
      "resolved": "https://registry.npmjs.org/require-in-the-middle/-/require-in-the-middle-7.4.0.tgz",
      "integrity": "sha512-X34iHADNbNDfr6OTStIAHWSAvvKQRYgLO6duASaVf7J2VA3lvmNYboAHOuLC2huav1IwgZJtyEcJCKVzFxOSMQ==",
      "dependencies": {
        "debug": "^4.3.5",
        "module-details-from-path": "^1.0.3",
        "resolve": "^1.22.8"
      },
      "engines": {
        "node": ">=8.6.0"
      }
    },
    "node_modules/resolve": {
      "version": "1.22.8",
      "resolved": "https://registry.npmjs.org/resolve/-/resolve-1.22.8.tgz",
      "integrity": "sha512-oKWePCxqpd6FlLvGV1VU0x7bkPmmCNolxzjMf4NczoDnQcIWrAF+cPtZn5i6n+RfD2d9i0tzpKnG6Yk168yIyw==",
      "dependencies": {
        "is-core-module": "^2.13.0",
        "path-parse": "^1.0.7",
        "supports-preserve-symlinks-flag": "^1.0.0"
      },
      "bin": {
        "resolve": "bin/resolve"
      },
      "funding": {
        "url": "https://github.com/sponsors/ljharb"
      }
    },
    "node_modules/scheduler": {
      "version": "0.25.0-rc-02c0e824-20241028",
      "resolved": "https://registry.npmjs.org/scheduler/-/scheduler-0.25.0-rc-02c0e824-20241028.tgz",
      "integrity": "sha512-GysnKjmMSaWcwsKTLzeJO0IhU3EyIiC0ivJKE6yDNLqt3IMxDByx8b6lSNXRNdN+ULUY0WLLjSPaZ0LuU/GnTg=="
    },
    "node_modules/semver": {
      "version": "7.7.2",
      "resolved": "https://registry.npmjs.org/semver/-/semver-7.7.2.tgz",
      "integrity": "sha512-RF0Fw+rO5AMf9MAyaRXI4AV0Ulj5lMHqVxxdSgiVbixSCXoEmmX/jk0CuJw4+3SqroYO9VoUh+HcuJivvtJemA==",
      "license": "ISC",
      "bin": {
        "semver": "bin/semver.js"
      },
      "engines": {
        "node": ">=10"
      }
    },
    "node_modules/sharp": {
      "version": "0.34.3",
      "resolved": "https://registry.npmjs.org/sharp/-/sharp-0.34.3.tgz",
      "integrity": "sha512-eX2IQ6nFohW4DbvHIOLRB3MHFpYqaqvXd3Tp5e/T/dSH83fxaNJQRvDMhASmkNTsNTVF2/OOopzRCt7xokgPfg==",
      "hasInstallScript": true,
      "license": "Apache-2.0",
      "optional": true,
      "dependencies": {
        "color": "^4.2.3",
        "detect-libc": "^2.0.4",
        "semver": "^7.7.2"
      },
      "engines": {
        "node": "^18.17.0 || ^20.3.0 || >=21.0.0"
      },
      "funding": {
        "url": "https://opencollective.com/libvips"
      },
      "optionalDependencies": {
        "@img/sharp-darwin-arm64": "0.34.3",
        "@img/sharp-darwin-x64": "0.34.3",
        "@img/sharp-libvips-darwin-arm64": "1.2.0",
        "@img/sharp-libvips-darwin-x64": "1.2.0",
        "@img/sharp-libvips-linux-arm": "1.2.0",
        "@img/sharp-libvips-linux-arm64": "1.2.0",
        "@img/sharp-libvips-linux-ppc64": "1.2.0",
        "@img/sharp-libvips-linux-s390x": "1.2.0",
        "@img/sharp-libvips-linux-x64": "1.2.0",
        "@img/sharp-libvips-linuxmusl-arm64": "1.2.0",
        "@img/sharp-libvips-linuxmusl-x64": "1.2.0",
        "@img/sharp-linux-arm": "0.34.3",
        "@img/sharp-linux-arm64": "0.34.3",
        "@img/sharp-linux-ppc64": "0.34.3",
        "@img/sharp-linux-s390x": "0.34.3",
        "@img/sharp-linux-x64": "0.34.3",
        "@img/sharp-linuxmusl-arm64": "0.34.3",
        "@img/sharp-linuxmusl-x64": "0.34.3",
        "@img/sharp-wasm32": "0.34.3",
        "@img/sharp-win32-arm64": "0.34.3",
        "@img/sharp-win32-ia32": "0.34.3",
        "@img/sharp-win32-x64": "0.34.3"
      }
    },
    "node_modules/shimmer": {
      "version": "1.2.1",
      "resolved": "https://registry.npmjs.org/shimmer/-/shimmer-1.2.1.tgz",
      "integrity": "sha512-sQTKC1Re/rM6XyFM6fIAGHRPVGvyXfgzIDvzoq608vM+jeyVD0Tu1E6Np0Kc2zAIFWIj963V2800iF/9LPieQw=="
    },
    "node_modules/simple-swizzle": {
      "version": "0.2.2",
      "resolved": "https://registry.npmjs.org/simple-swizzle/-/simple-swizzle-0.2.2.tgz",
      "integrity": "sha512-JA//kQgZtbuY83m+xT+tXJkmJncGMTFT+C+g2h2R9uxkYIrE2yy9sgmcLhCnw57/WSD+Eh3J97FPEDFnbXnDUg==",
      "license": "MIT",
      "optional": true,
      "dependencies": {
        "is-arrayish": "^0.3.1"
      }
    },
    "node_modules/source-map-js": {
      "version": "1.2.1",
      "resolved": "https://registry.npmjs.org/source-map-js/-/source-map-js-1.2.1.tgz",
      "integrity": "sha512-UXWMKhLOwVKb728IUtQPXxfYU+usdybtUrK/8uGE8CQMvrhOpwvzDBwj0QhSL7MQc7vIsISBG8VQ8+IDQxpfQA==",
      "engines": {
        "node": ">=0.10.0"
      }
    },
    "node_modules/styled-jsx": {
      "version": "5.1.6",
      "resolved": "https://registry.npmjs.org/styled-jsx/-/styled-jsx-5.1.6.tgz",
      "integrity": "sha512-qSVyDTeMotdvQYoHWLNGwRFJHC+i+ZvdBRYosOFgC+Wg1vx4frN2/RG/NA7SYqqvKNLf39P2LSRA2pu6n0XYZA==",
      "dependencies": {
        "client-only": "0.0.1"
      },
      "engines": {
        "node": ">= 12.0.0"
      },
      "peerDependencies": {
        "react": ">= 16.8.0 || 17.x.x || ^18.0.0-0 || ^19.0.0-0"
      },
      "peerDependenciesMeta": {
        "@babel/core": {
          "optional": true
        },
        "babel-plugin-macros": {
          "optional": true
        }
      }
    },
    "node_modules/supports-preserve-symlinks-flag": {
      "version": "1.0.0",
      "resolved": "https://registry.npmjs.org/supports-preserve-symlinks-flag/-/supports-preserve-symlinks-flag-1.0.0.tgz",
      "integrity": "sha512-ot0WnXS9fgdkgIcePe6RHNk1WA8+muPa6cSjeR3V8K27q9BB1rTE3R1p7Hv0z1ZyAc8s6Vvv8DIyWf681MAt0w==",
      "engines": {
        "node": ">= 0.4"
      },
      "funding": {
        "url": "https://github.com/sponsors/ljharb"
      }
    },
    "node_modules/tslib": {
      "version": "2.8.1",
      "resolved": "https://registry.npmjs.org/tslib/-/tslib-2.8.1.tgz",
      "integrity": "sha512-oJFu94HQb+KVduSUQL7wnpmqnfmLsOA/nAh6b6EH0wCEoK0/mPeXU6c3wKDV83MkOuHPRHtSXKKU99IBazS/2w=="
    },
    "node_modules/typescript": {
      "version": "5.6.3",
      "resolved": "https://registry.npmjs.org/typescript/-/typescript-5.6.3.tgz",
      "integrity": "sha512-hjcS1mhfuyi4WW8IWtjP7brDrG2cuDZukyrYrSauoXGNgx0S7zceP07adYkJycEr56BOUTNPzbInooiN3fn1qw==",
      "dev": true,
      "bin": {
        "tsc": "bin/tsc",
        "tsserver": "bin/tsserver"
      },
      "engines": {
        "node": ">=14.17"
      }
    },
    "node_modules/undici-types": {
      "version": "6.19.8",
      "resolved": "https://registry.npmjs.org/undici-types/-/undici-types-6.19.8.tgz",
      "integrity": "sha512-ve2KP6f/JnbPBFyobGHuerC9g1FYGn/F8n1LWTwNxCEzd6IfqTwUQcNXgEtmmQ6DlRrC1hrSrBnCZPokRrDHjw==",
      "dev": true
    }
  }
}
